
Microsoft Visual Studio Solution File, Format Version 12.00
# Visual Studio Version 16
VisualStudioVersion = 16.0.32602.291
MinimumVisualStudioVersion = 10.0.40219.1
Project("{FAE04EC0-301F-11D3-BF4B-00C04F79EFBC}") = "Exercise inh-pp-abs", "Exercise inh-pp-abs.csproj", "{0BAAA1CC-5A60-4005-ADE2-6858DD954A2F}"
EndProject
Global
	GlobalSection(SolutionConfigurationPlatforms) = preSolution
		Debug|Any CPU = Debug|Any CPU
		Release|Any CPU = Release|Any CPU
	EndGlobalSection
	GlobalSection(ProjectConfigurationPlatforms) = postSolution
		{0BAAA1CC-5A60-4005-ADE2-6858DD954A2F}.Debug|Any CPU.ActiveCfg = Debug|Any CPU
		{0BAAA1CC-5A60-4005-ADE2-6858DD954A2F}.Debug|Any CPU.Build.0 = Debug|Any CPU
		{0BAAA1CC-5A60-4005-ADE2-6858DD954A2F}.Release|Any CPU.ActiveCfg = Release|Any CPU
		{0BAAA1CC-5A60-4005-ADE2-6858DD954A2F}.Release|Any CPU.Build.0 = Release|Any CPU
	EndGlobalSection
	GlobalSection(SolutionProperties) = preSolution
		HideSolutionNode = FALSE
	EndGlobalSection
	GlobalSection(ExtensibilityGlobals) = postSolution
		SolutionGuid = {D7F0EF85-D153-4B07-AEAF-F346F4E0FA11}
	EndGlobalSection
EndGlobal
